
Microsoft Visual Studio Solution File, Format Version 12.00
# Visual Studio Version 17
VisualStudioVersion = 17.5.33516.290
MinimumVisualStudioVersion = 10.0.40219.1
Project("{2150E333-8FDC-42A3-9474-1A3956D46DE8}") = "src", "src", "{FEA753D4-058C-4585-A707-35542348FC5B}"
EndProject
Project("{9A19103F-16F7-4668-BE54-9A1E7A4F7556}") = "ThingsEdge.Common", "src\libraries\ThingsEdge.Common\ThingsEdge.Common.csproj", "{4D2E1895-BE9D-4371-B714-544B7921B458}"
EndProject
Project("{9A19103F-16F7-4668-BE54-9A1E7A4F7556}") = "ThingsEdge.Common.Tests", "src\libraries\tests\ThingsEdge.Common.Tests\ThingsEdge.Common.Tests.csproj", "{23CD7044-2768-498C-B90A-58B67BCA3BEB}"
EndProject
Project("{2150E333-8FDC-42A3-9474-1A3956D46DE8}") = "Solution Items", "Solution Items", "{DFD9F66A-11DB-4D14-8304-5E17D59BF514}"
	ProjectSection(SolutionItems) = preProject
		Directory.Build.props = Directory.Build.props
	EndProjectSection
EndProject
Project("{9A19103F-16F7-4668-BE54-9A1E7A4F7556}") = "ThingsEdge.Router", "src\libraries\ThingsEdge.Router\ThingsEdge.Router.csproj", "{7D36DA16-E613-42B6-853F-903F251B5C80}"
EndProject
Project("{9A19103F-16F7-4668-BE54-9A1E7A4F7556}") = "ThingsEdge.Providers.Kepware", "src\providers\ThingsEdge.Providers.Kepware\ThingsEdge.Providers.Kepware.csproj", "{F7922CB7-C613-4542-AC2B-2E9A30C70BB1}"
EndProject
Project("{9A19103F-16F7-4668-BE54-9A1E7A4F7556}") = "ThingsEdge.Contracts", "src\libraries\ThingsEdge.Contracts\ThingsEdge.Contracts.csproj", "{F47A1F71-68E7-4053-87DB-1ADFB9E1DCE2}"
EndProject
Project("{9A19103F-16F7-4668-BE54-9A1E7A4F7556}") = "ThingsEdge.Contrib.DotNetty", "src\contribs\ThingsEdge.Contrib.DotNetty\ThingsEdge.Contrib.DotNetty.csproj", "{7A2C199D-ECCA-4128-831A-4374FE127618}"
EndProject
Project("{2150E333-8FDC-42A3-9474-1A3956D46DE8}") = "libraries", "libraries", "{51759E44-5C36-4E33-9E6E-B28751A40147}"
EndProject
Project("{2150E333-8FDC-42A3-9474-1A3956D46DE8}") = "contribs", "contribs", "{DE4E1B95-E6FB-47B2-AB26-41315FDA259C}"
EndProject
Project("{2150E333-8FDC-42A3-9474-1A3956D46DE8}") = "apps", "apps", "{DD95CE6B-C4F9-4DD6-9E39-39628F1271B8}"
EndProject
Project("{2150E333-8FDC-42A3-9474-1A3956D46DE8}") = "providers", "providers", "{AE407E65-0417-4AA9-989C-CB086C040C8A}"
EndProject
Project("{2150E333-8FDC-42A3-9474-1A3956D46DE8}") = "tests", "tests", "{F15CEE90-E130-4353-8FB8-EFC14DF62009}"
EndProject
Project("{2150E333-8FDC-42A3-9474-1A3956D46DE8}") = "tests", "tests", "{36B1FD5F-8D59-448D-BC7B-26901F94C3F6}"
EndProject
Project("{9A19103F-16F7-4668-BE54-9A1E7A4F7556}") = "ThingsEdge.Providers.Kepware.Tests", "src\providers\tests\ThingsEdge.Providers.Kepware.Tests\ThingsEdge.Providers.Kepware.Tests.csproj", "{2A08B83C-14BC-4195-8BDA-69816CDE0295}"
EndProject
Project("{2150E333-8FDC-42A3-9474-1A3956D46DE8}") = "libraries", "libraries", "{6D589301-C937-449B-835B-F02C59E4156F}"
	ProjectSection(SolutionItems) = preProject
		src\libraries\Directory.Build.props = src\libraries\Directory.Build.props
	EndProjectSection
EndProject
Project("{9A19103F-16F7-4668-BE54-9A1E7A4F7556}") = "ThingsEdge.Providers.Ops", "src\providers\ThingsEdge.Providers.Ops\ThingsEdge.Providers.Ops.csproj", "{8C3247FF-8A7C-4BCE-8DDA-1ADB114F6B03}"
EndProject
Project("{9A19103F-16F7-4668-BE54-9A1E7A4F7556}") = "ThingsEdge.Server", "src\apps\ThingsEdge.Server\ThingsEdge.Server.csproj", "{59EBBDE2-DA3C-47B6-A579-B17FFD7DAD11}"
EndProject
Project("{9A19103F-16F7-4668-BE54-9A1E7A4F7556}") = "ThingsEdge.Contrib.NetMQ", "src\contribs\ThingsEdge.Contrib.NetMQ\ThingsEdge.Contrib.NetMQ.csproj", "{94934BFC-AEE8-4089-B38B-BCD8ADD9857F}"
EndProject
Global
	GlobalSection(SolutionConfigurationPlatforms) = preSolution
		Debug|Any CPU = Debug|Any CPU
		Package|Any CPU = Package|Any CPU
		Release|Any CPU = Release|Any CPU
	EndGlobalSection
	GlobalSection(ProjectConfigurationPlatforms) = postSolution
		{4D2E1895-BE9D-4371-B714-544B7921B458}.Debug|Any CPU.ActiveCfg = Debug|Any CPU
		{4D2E1895-BE9D-4371-B714-544B7921B458}.Debug|Any CPU.Build.0 = Debug|Any CPU
		{4D2E1895-BE9D-4371-B714-544B7921B458}.Package|Any CPU.ActiveCfg = Package|Any CPU
		{4D2E1895-BE9D-4371-B714-544B7921B458}.Package|Any CPU.Build.0 = Package|Any CPU
		{4D2E1895-BE9D-4371-B714-544B7921B458}.Release|Any CPU.ActiveCfg = Release|Any CPU
		{4D2E1895-BE9D-4371-B714-544B7921B458}.Release|Any CPU.Build.0 = Release|Any CPU
		{23CD7044-2768-498C-B90A-58B67BCA3BEB}.Debug|Any CPU.ActiveCfg = Debug|Any CPU
		{23CD7044-2768-498C-B90A-58B67BCA3BEB}.Debug|Any CPU.Build.0 = Debug|Any CPU
		{23CD7044-2768-498C-B90A-58B67BCA3BEB}.Package|Any CPU.ActiveCfg = Package|Any CPU
		{23CD7044-2768-498C-B90A-58B67BCA3BEB}.Package|Any CPU.Build.0 = Package|Any CPU
		{23CD7044-2768-498C-B90A-58B67BCA3BEB}.Release|Any CPU.ActiveCfg = Release|Any CPU
		{23CD7044-2768-498C-B90A-58B67BCA3BEB}.Release|Any CPU.Build.0 = Release|Any CPU
		{7D36DA16-E613-42B6-853F-903F251B5C80}.Debug|Any CPU.ActiveCfg = Debug|Any CPU
		{7D36DA16-E613-42B6-853F-903F251B5C80}.Debug|Any CPU.Build.0 = Debug|Any CPU
		{7D36DA16-E613-42B6-853F-903F251B5C80}.Package|Any CPU.ActiveCfg = Package|Any CPU
		{7D36DA16-E613-42B6-853F-903F251B5C80}.Package|Any CPU.Build.0 = Package|Any CPU
		{7D36DA16-E613-42B6-853F-903F251B5C80}.Release|Any CPU.ActiveCfg = Release|Any CPU
		{7D36DA16-E613-42B6-853F-903F251B5C80}.Release|Any CPU.Build.0 = Release|Any CPU
		{F7922CB7-C613-4542-AC2B-2E9A30C70BB1}.Debug|Any CPU.ActiveCfg = Debug|Any CPU
		{F7922CB7-C613-4542-AC2B-2E9A30C70BB1}.Debug|Any CPU.Build.0 = Debug|Any CPU
		{F7922CB7-C613-4542-AC2B-2E9A30C70BB1}.Package|Any CPU.ActiveCfg = Package|Any CPU
		{F7922CB7-C613-4542-AC2B-2E9A30C70BB1}.Package|Any CPU.Build.0 = Package|Any CPU
		{F7922CB7-C613-4542-AC2B-2E9A30C70BB1}.Release|Any CPU.ActiveCfg = Release|Any CPU
		{F7922CB7-C613-4542-AC2B-2E9A30C70BB1}.Release|Any CPU.Build.0 = Release|Any CPU
		{F47A1F71-68E7-4053-87DB-1ADFB9E1DCE2}.Debug|Any CPU.ActiveCfg = Debug|Any CPU
		{F47A1F71-68E7-4053-87DB-1ADFB9E1DCE2}.Debug|Any CPU.Build.0 = Debug|Any CPU
		{F47A1F71-68E7-4053-87DB-1ADFB9E1DCE2}.Package|Any CPU.ActiveCfg = Package|Any CPU
		{F47A1F71-68E7-4053-87DB-1ADFB9E1DCE2}.Package|Any CPU.Build.0 = Package|Any CPU
		{F47A1F71-68E7-4053-87DB-1ADFB9E1DCE2}.Release|Any CPU.ActiveCfg = Release|Any CPU
		{F47A1F71-68E7-4053-87DB-1ADFB9E1DCE2}.Release|Any CPU.Build.0 = Release|Any CPU
		{7A2C199D-ECCA-4128-831A-4374FE127618}.Debug|Any CPU.ActiveCfg = Debug|Any CPU
		{7A2C199D-ECCA-4128-831A-4374FE127618}.Debug|Any CPU.Build.0 = Debug|Any CPU
		{7A2C199D-ECCA-4128-831A-4374FE127618}.Package|Any CPU.ActiveCfg = Package|Any CPU
		{7A2C199D-ECCA-4128-831A-4374FE127618}.Package|Any CPU.Build.0 = Package|Any CPU
		{7A2C199D-ECCA-4128-831A-4374FE127618}.Release|Any CPU.ActiveCfg = Release|Any CPU
		{7A2C199D-ECCA-4128-831A-4374FE127618}.Release|Any CPU.Build.0 = Release|Any CPU
		{2A08B83C-14BC-4195-8BDA-69816CDE0295}.Debug|Any CPU.ActiveCfg = Debug|Any CPU
		{2A08B83C-14BC-4195-8BDA-69816CDE0295}.Debug|Any CPU.Build.0 = Debug|Any CPU
		{2A08B83C-14BC-4195-8BDA-69816CDE0295}.Package|Any CPU.ActiveCfg = Package|Any CPU
		{2A08B83C-14BC-4195-8BDA-69816CDE0295}.Package|Any CPU.Build.0 = Package|Any CPU
		{2A08B83C-14BC-4195-8BDA-69816CDE0295}.Release|Any CPU.ActiveCfg = Release|Any CPU
		{2A08B83C-14BC-4195-8BDA-69816CDE0295}.Release|Any CPU.Build.0 = Release|Any CPU
		{8C3247FF-8A7C-4BCE-8DDA-1ADB114F6B03}.Debug|Any CPU.ActiveCfg = Debug|Any CPU
		{8C3247FF-8A7C-4BCE-8DDA-1ADB114F6B03}.Debug|Any CPU.Build.0 = Debug|Any CPU
		{8C3247FF-8A7C-4BCE-8DDA-1ADB114F6B03}.Package|Any CPU.ActiveCfg = Package|Any CPU
		{8C3247FF-8A7C-4BCE-8DDA-1ADB114F6B03}.Package|Any CPU.Build.0 = Package|Any CPU
		{8C3247FF-8A7C-4BCE-8DDA-1ADB114F6B03}.Release|Any CPU.ActiveCfg = Release|Any CPU
		{8C3247FF-8A7C-4BCE-8DDA-1ADB114F6B03}.Release|Any CPU.Build.0 = Release|Any CPU
		{59EBBDE2-DA3C-47B6-A579-B17FFD7DAD11}.Debug|Any CPU.ActiveCfg = Debug|Any CPU
		{59EBBDE2-DA3C-47B6-A579-B17FFD7DAD11}.Debug|Any CPU.Build.0 = Debug|Any CPU
		{59EBBDE2-DA3C-47B6-A579-B17FFD7DAD11}.Package|Any CPU.ActiveCfg = Package|Any CPU
		{59EBBDE2-DA3C-47B6-A579-B17FFD7DAD11}.Package|Any CPU.Build.0 = Package|Any CPU
		{59EBBDE2-DA3C-47B6-A579-B17FFD7DAD11}.Release|Any CPU.ActiveCfg = Release|Any CPU
		{59EBBDE2-DA3C-47B6-A579-B17FFD7DAD11}.Release|Any CPU.Build.0 = Release|Any CPU
		{94934BFC-AEE8-4089-B38B-BCD8ADD9857F}.Debug|Any CPU.ActiveCfg = Debug|Any CPU
		{94934BFC-AEE8-4089-B38B-BCD8ADD9857F}.Debug|Any CPU.Build.0 = Debug|Any CPU
		{94934BFC-AEE8-4089-B38B-BCD8ADD9857F}.Package|Any CPU.ActiveCfg = Package|Any CPU
		{94934BFC-AEE8-4089-B38B-BCD8ADD9857F}.Package|Any CPU.Build.0 = Package|Any CPU
		{94934BFC-AEE8-4089-B38B-BCD8ADD9857F}.Release|Any CPU.ActiveCfg = Release|Any CPU
		{94934BFC-AEE8-4089-B38B-BCD8ADD9857F}.Release|Any CPU.Build.0 = Release|Any CPU
	EndGlobalSection
	GlobalSection(SolutionProperties) = preSolution
		HideSolutionNode = FALSE
	EndGlobalSection
	GlobalSection(NestedProjects) = preSolution
		{4D2E1895-BE9D-4371-B714-544B7921B458} = {51759E44-5C36-4E33-9E6E-B28751A40147}
		{23CD7044-2768-498C-B90A-58B67BCA3BEB} = {F15CEE90-E130-4353-8FB8-EFC14DF62009}
		{7D36DA16-E613-42B6-853F-903F251B5C80} = {51759E44-5C36-4E33-9E6E-B28751A40147}
		{F7922CB7-C613-4542-AC2B-2E9A30C70BB1} = {AE407E65-0417-4AA9-989C-CB086C040C8A}
		{F47A1F71-68E7-4053-87DB-1ADFB9E1DCE2} = {51759E44-5C36-4E33-9E6E-B28751A40147}
		{7A2C199D-ECCA-4128-831A-4374FE127618} = {DE4E1B95-E6FB-47B2-AB26-41315FDA259C}
		{51759E44-5C36-4E33-9E6E-B28751A40147} = {FEA753D4-058C-4585-A707-35542348FC5B}
		{DE4E1B95-E6FB-47B2-AB26-41315FDA259C} = {FEA753D4-058C-4585-A707-35542348FC5B}
		{DD95CE6B-C4F9-4DD6-9E39-39628F1271B8} = {FEA753D4-058C-4585-A707-35542348FC5B}
		{AE407E65-0417-4AA9-989C-CB086C040C8A} = {FEA753D4-058C-4585-A707-35542348FC5B}
		{F15CEE90-E130-4353-8FB8-EFC14DF62009} = {51759E44-5C36-4E33-9E6E-B28751A40147}
		{36B1FD5F-8D59-448D-BC7B-26901F94C3F6} = {AE407E65-0417-4AA9-989C-CB086C040C8A}
		{2A08B83C-14BC-4195-8BDA-69816CDE0295} = {36B1FD5F-8D59-448D-BC7B-26901F94C3F6}
		{6D589301-C937-449B-835B-F02C59E4156F} = {DFD9F66A-11DB-4D14-8304-5E17D59BF514}
		{8C3247FF-8A7C-4BCE-8DDA-1ADB114F6B03} = {AE407E65-0417-4AA9-989C-CB086C040C8A}
		{59EBBDE2-DA3C-47B6-A579-B17FFD7DAD11} = {DD95CE6B-C4F9-4DD6-9E39-39628F1271B8}
		{94934BFC-AEE8-4089-B38B-BCD8ADD9857F} = {DE4E1B95-E6FB-47B2-AB26-41315FDA259C}
	EndGlobalSection
	GlobalSection(ExtensibilityGlobals) = postSolution
		SolutionGuid = {77243E50-0F8A-45CE-B0DD-6CE24BDE6D8B}
	EndGlobalSection
EndGlobal
